schema: '2.0'
stages:
  mermaid-md:
    cmd: "dvc dag pipeline/dvc.yaml --full --mermaid --md | sed 's/pipeline\\/dvc.yaml://'\
      \ >> dag.md\n"
    outs:
    - path: dag.md
      md5: 0e102d9fef8528a0f1c9237a88585990
      size: 627
  mermaid-png:
    cmd: ./node_modules/.bin/mmdc -i dag.md -o dag.png && mv dag-1.png dag.png
    deps:
    - path: dag.md
      md5: 0e102d9fef8528a0f1c9237a88585990
      size: 627
    outs:
    - path: dag.png
      md5: 9b920b0d09f5af78af6ec70df5627613
      size: 53538
  requirements:
    cmd: pip freeze | grep -v "pkg_resources" > frozen.txt
    outs:
    - path: frozen.txt
      md5: 788305a20dff989f85af7228a8e30b44
      size: 2361
  pipeline:
    cmd: dvc repro pipeline/dvc.yaml
  remote:
    cmd: "rm -rf ../lynference.dvc && mkdir ../lynference.dvc && dvc remote add --force\
      \ local ../lynference.dvc && dvc push -r local\n"
    deps:
    - path: ./data
      md5: b6a1468f7105288a63444dcfa78a182d.dir
      size: 1236427
      nfiles: 8
    - path: ./models
      md5: e8e6bbfd395ea27be8cc4e60c3fb7aea.dir
      size: 5929160
      nfiles: 3
    - path: ./plots
      md5: 645e4fd6a927081b6b61af6ceb23eeb9.dir
      size: 42998255
      nfiles: 4
    - path: metrics.json
      md5: 9a71a3a0152ef8617045600221edef4b
      size: 92
  mermaid-readme:
    cmd: cat dag.md | sed 's/^/3i/' | sed -f- README.template > README.md
    deps:
    - path: README.template
      md5: b4774a95f1c7a06c5d29b202de91e28a
      size: 10765
    - path: dag.md
      md5: 0e102d9fef8528a0f1c9237a88585990
      size: 627
    outs:
    - path: README.md
      md5: 6a7e55c53c13bc5aaf1dceae5f188370
      size: 11307
