schema: '2.0'
stages:
  join:
    cmd: "lyscripts data join --inputs data/2023-clb-multisite.csv data/2023-isb-multisite.csv
      --output data/joined.csv\n"
    deps:
    - path: data/2023-clb-multisite.csv
      hash: md5
      md5: 9d72ee96af2c51033a2fb0bb8551e318
      size: 123938
    - path: data/2023-isb-multisite.csv
      hash: md5
      md5: 3de3a3d4238148e1b4e5f813e83d4c80
      size: 205012
    outs:
    - path: data/joined.csv
      hash: md5
      md5: b8e5e1fb297b7afea644206c4e2098b9
      size: 386471
  enhance:
    cmd: "lyscripts data enhance data/joined.csv data/enhanced.csv --modalities CT
      MRI PET FNA diagnostic_consensus pathology pCT\n"
    deps:
    - path: data/joined.csv
      hash: md5
      md5: b8e5e1fb297b7afea644206c4e2098b9
      size: 386471
    params:
      params.yaml:
        modalities:
          CT:
          - 0.76
          - 0.81
          MRI:
          - 0.63
          - 0.81
          PET:
          - 0.86
          - 0.79
          FNA:
          - 0.98
          - 0.8
          diagnostic_consensus:
          - 0.86
          - 0.81
          pathology:
          - 1.0
          - 1.0
          pCT:
          - 0.86
          - 0.81
          max_llh:
          - 1.0
          - 1.0
    outs:
    - path: data/enhanced.csv
      hash: md5
      md5: 40ba6cca4af965942a571e5c915dbe65
      size: 483692
  clean:
    cmd: lyscripts data clean data/filtered.csv data/cleaned.csv
    deps:
    - path: data/filtered.csv
      hash: md5
      md5: ede1bfbe60b2043345b51feb7fd5648b
      size: 166037
    params:
      params.yaml:
        model.class: MidlineBilateral
    outs:
    - path: data/cleaned.csv
      hash: md5
      md5: 718efabe518adedcda4f638acefa149a
      size: 134066
  sampling:
    cmd: "lyscripts sample data/cleaned.csv models/samples.hdf5 --plots plots/sampling
      --modalities max_llh\n"
    deps:
    - path: data/cleaned.csv
      hash: md5
      md5: 718efabe518adedcda4f638acefa149a
      size: 134066
    params:
      params.yaml:
        graph:
          tumor:
            primary:
            - I
            - II
            - III
          lnl:
            I: []
            II:
            - I
            - III
            III: []
        modalities:
          CT:
          - 0.76
          - 0.81
          MRI:
          - 0.63
          - 0.81
          PET:
          - 0.86
          - 0.79
          FNA:
          - 0.98
          - 0.8
          diagnostic_consensus:
          - 0.86
          - 0.81
          pathology:
          - 1.0
          - 1.0
          pCT:
          - 0.86
          - 0.81
          max_llh:
          - 1.0
          - 1.0
        model:
          first_binom_prob: 0.3
          max_t: 10
          t_stages:
          - early
          - late
          class: MidlineBilateral
          kwargs:
            base_symmetric: false
            trans_symmetric: true
            evolve_midext: true
            use_mixing: true
        sampling:
          walkers_per_dim: 20
          burnin: 1000
          nsteps: 50
          thin_by: 5
          kwargs:
            max_steps: 20000
            check_interval: 100
            trust_threshold: 30.0
            rel_acor_threshold: 0.075
    outs:
    - path: models/samples.hdf5
      hash: md5
      md5: 7c3e85a74b3945d24d20c9070a7cea1f
      size: 3301440
    - path: plots/sampling/accept_rates.csv
      hash: md5
      md5: c8aaa8a585b3dbd4660b7ebc5ec1b792
      size: 799
    - path: plots/sampling/acor_times.csv
      hash: md5
      md5: 25028a7bd46a599834db10c13447325b
      size: 779
  predict-risks:
    cmd: "lyscripts predict risks models/samples.hdf5 models/risks.hdf5\n"
    deps:
    - path: models/samples.hdf5
      md5: cf0603eb71eb87010494a1629f3c78ea
      size: 4839888
    params:
      params.yaml:
        graph:
          tumor:
            primary:
            - I
            - II
            - III
            - IV
            - V
            - VII
          lnl:
            I: []
            II:
            - I
            - III
            - V
            III:
            - IV
            - V
            IV: []
            V: []
            VII: []
        model:
          first_binom_prob: 0.3
          max_t: 10
          t_stages:
          - early
          - late
          class: MidlineBilateral
          kwargs:
            base_symmetric: false
            trans_symmetric: true
            use_mixing: true
        risks:
        - name: contra/III/N0/late/ext
          involvement:
            contra:
              III: true
          given_diagnosis:
            ipsi:
              I: false
              II: false
              III: false
              IV: false
              V: false
              VII: false
            contra:
              I: false
              II: false
              III: false
              IV: false
              V: false
              VII: false
          given_diagnosis_spsn:
          - 0.76
          - 0.81
          t_stage: late
          midline_extension: true
        - name: contra/III/ipsi-IIandIII/late/noext
          involvement:
            contra:
              III: true
          given_diagnosis:
            ipsi:
              I: false
              II: true
              III: true
              IV: false
              V: false
              VII: false
            contra:
              I: false
              II: false
              III: false
              IV: false
              V: false
              VII: false
          given_diagnosis_spsn:
          - 0.76
          - 0.81
          t_stage: late
          midline_extension: false
        - name: contra/III/ipsi-IIandIII/late/ext
          involvement:
            contra:
              III: true
          given_diagnosis:
            ipsi:
              I: false
              II: true
              III: true
              IV: false
              V: false
              VII: false
            contra:
              I: false
              II: false
              III: false
              IV: false
              V: false
              VII: false
          given_diagnosis_spsn:
          - 0.76
          - 0.81
          t_stage: late
          midline_extension: true
    outs:
    - path: models/risks.hdf5
      md5: 482530636158d86338279d278b63ae87
      size: 470280
  evaluate:
    cmd: "lyscripts evaluate data/cleaned.csv models/samples.hdf5 --metrics metrics.json\n"
    deps:
    - path: data/cleaned.csv
      hash: md5
      md5: 718efabe518adedcda4f638acefa149a
      size: 134066
    - path: models/samples.hdf5
      hash: md5
      md5: 7c3e85a74b3945d24d20c9070a7cea1f
      size: 3301440
    params:
      params.yaml:
        graph:
          tumor:
            primary:
            - I
            - II
            - III
          lnl:
            I: []
            II:
            - I
            - III
            III: []
        modalities:
          CT:
          - 0.76
          - 0.81
          MRI:
          - 0.63
          - 0.81
          PET:
          - 0.86
          - 0.79
          FNA:
          - 0.98
          - 0.8
          diagnostic_consensus:
          - 0.86
          - 0.81
          pathology:
          - 1.0
          - 1.0
          pCT:
          - 0.86
          - 0.81
          max_llh:
          - 1.0
          - 1.0
        model:
          first_binom_prob: 0.3
          max_t: 10
          t_stages:
          - early
          - late
          class: MidlineBilateral
          kwargs:
            base_symmetric: false
            trans_symmetric: true
            evolve_midext: true
            use_mixing: true
        sampling:
          walkers_per_dim: 20
          burnin: 1000
          nsteps: 50
          thin_by: 5
          kwargs:
            max_steps: 20000
            check_interval: 100
            trust_threshold: 30.0
            rel_acor_threshold: 0.075
    outs:
    - path: metrics.json
      hash: md5
      md5: 217675a8fa17ad53007251f888ef2a89
      size: 88
  predict-prevalences:
    cmd: "lyscripts predict prevalences models/samples.hdf5 data/cleaned.csv models/prevalences.hdf5\n"
    deps:
    - path: data/cleaned.csv
      md5: 4c6ec4376c1d6ca3814a17a61305c89b
      size: 300071
    - path: models/samples.hdf5
      md5: cf0603eb71eb87010494a1629f3c78ea
      size: 4839888
    params:
      params.yaml:
        graph:
          tumor:
            primary:
            - I
            - II
            - III
            - IV
            - V
            - VII
          lnl:
            I: []
            II:
            - I
            - III
            - V
            III:
            - IV
            - V
            IV: []
            V: []
            VII: []
        model:
          first_binom_prob: 0.3
          max_t: 10
          t_stages:
          - early
          - late
          class: MidlineBilateral
          kwargs:
            base_symmetric: false
            trans_symmetric: true
            use_mixing: true
        prevalences:
        - name: ipsi/IInotI/early
          pattern:
            ipsi:
              I: false
              II: true
          modality: max_llh
          modality_spsn:
          - 1.0
          - 1.0
          t_stage: early
        - name: ipsi/IInotI/late
          pattern:
            ipsi:
              I: false
              II: true
          modality: max_llh
          modality_spsn:
          - 1.0
          - 1.0
          t_stage: late
        - name: ipsi/IIandIII/early
          pattern:
            ipsi:
              II: true
              III: true
          modality: max_llh
          modality_spsn:
          - 1.0
          - 1.0
          t_stage: early
        - name: ipsi/IIandIII/late
          pattern:
            ipsi:
              II: true
              III: true
          modality: max_llh
          modality_spsn:
          - 1.0
          - 1.0
          t_stage: late
    outs:
    - path: models/prevalences.hdf5
      md5: c0bef3861c2871034bcf3fd4de248e6e
      size: 619656
  plot-corner:
    cmd: "python scripts/plot_corner.py --samples models/samples.hdf5 --output plots/corner.png\n"
    deps:
    - path: models/samples.hdf5
      hash: md5
      md5: 7c3e85a74b3945d24d20c9070a7cea1f
      size: 3301440
    outs:
    - path: plots/corner.png
      hash: md5
      md5: 19bade570080cc6c6438f9727f3c9d97
      size: 1376998
    - path: plots/corner.svg
      hash: md5
      md5: 8907c8f0b04aa85e5dea23abeba20607
      size: 5712686
  filter:
    cmd: python scripts/filter.py --input data/enhanced.csv --output data/filtered.csv
    deps:
    - path: data/enhanced.csv
      hash: md5
      md5: 40ba6cca4af965942a571e5c915dbe65
      size: 483692
    - path: scripts/filter.py
      hash: md5
      md5: 831ff029b0f6554022f6ac920d5e2ee9
      size: 1519
    outs:
    - path: data/filtered.csv
      hash: md5
      md5: ede1bfbe60b2043345b51feb7fd5648b
      size: 166037
